// !$*UTF8*$!
{
	archiveVersion = 1;
	classes = {
	};
	objectVersion = 46;
	objects = {

/* Begin PBXBuildFile section */
		6B8CBECE1F768F58002E629F /* AppDelegate.swift in Sources */ = {isa = PBXBuildFile; fileRef = 6B8CBECD1F768F58002E629F /* AppDelegate.swift */; };
		6B8CBED51F768F58002E629F /* Assets.xcassets in Resources */ = {isa = PBXBuildFile; fileRef = 6B8CBED41F768F58002E629F /* Assets.xcassets */; };
		6B8CBED81F768F58002E629F /* LaunchScreen.storyboard in Resources */ = {isa = PBXBuildFile; fileRef = 6B8CBED61F768F58002E629F /* LaunchScreen.storyboard */; };
		6B8CBEE31F768F59002E629F /* MobileDeveloperAssignmentTests.swift in Sources */ = {isa = PBXBuildFile; fileRef = 6B8CBEE21F768F59002E629F /* MobileDeveloperAssignmentTests.swift */; };
		6B8CBEEF1F768FC4002E629F /* SearchViewController.swift in Sources */ = {isa = PBXBuildFile; fileRef = 6B8CBEED1F768FC4002E629F /* SearchViewController.swift */; };
		6B8CBEF01F768FC4002E629F /* SearchViewController.xib in Resources */ = {isa = PBXBuildFile; fileRef = 6B8CBEEE1F768FC4002E629F /* SearchViewController.xib */; };
		6B8CBEF21F7690F0002E629F /* ConnectionManager.swift in Sources */ = {isa = PBXBuildFile; fileRef = 6B8CBEF11F7690F0002E629F /* ConnectionManager.swift */; };
		6B8CBEF41F769158002E629F /* Reachability.swift in Sources */ = {isa = PBXBuildFile; fileRef = 6B8CBEF31F769158002E629F /* Reachability.swift */; };
		6B8CBEF61F769188002E629F /* Globals.swift in Sources */ = {isa = PBXBuildFile; fileRef = 6B8CBEF51F769188002E629F /* Globals.swift */; };
		6B8CBEF91F769853002E629F /* Item.swift in Sources */ = {isa = PBXBuildFile; fileRef = 6B8CBEF81F769853002E629F /* Item.swift */; };
		6B8CBEFB1F76A0E2002E629F /* Utility.swift in Sources */ = {isa = PBXBuildFile; fileRef = 6B8CBEFA1F76A0E2002E629F /* Utility.swift */; };
		6B8CBEFE1F76A216002E629F /* ItemsViewController.swift in Sources */ = {isa = PBXBuildFile; fileRef = 6B8CBEFC1F76A216002E629F /* ItemsViewController.swift */; };
		6B8CBEFF1F76A216002E629F /* ItemsViewController.xib in Resources */ = {isa = PBXBuildFile; fileRef = 6B8CBEFD1F76A216002E629F /* ItemsViewController.xib */; };
		6B8CBF031F76A2BA002E629F /* ItemTableViewCell.swift in Sources */ = {isa = PBXBuildFile; fileRef = 6B8CBF011F76A2BA002E629F /* ItemTableViewCell.swift */; };
		6B8CBF041F76A2BA002E629F /* ItemTableViewCell.xib in Resources */ = {isa = PBXBuildFile; fileRef = 6B8CBF021F76A2BA002E629F /* ItemTableViewCell.xib */; };
/* End PBXBuildFile section */

/* Begin PBXContainerItemProxy section */
		6B8CBEDF1F768F58002E629F /* PBXContainerItemProxy */ = {
			isa = PBXContainerItemProxy;
			containerPortal = 6B8CBEC21F768F58002E629F /* Project object */;
			proxyType = 1;
			remoteGlobalIDString = 6B8CBEC91F768F58002E629F;
			remoteInfo = MobileDeveloperAssignment;
		};
/* End PBXContainerItemProxy section */

/* Begin PBXFileReference section */
		6B8CBECA1F768F58002E629F /* MobileDeveloperAssignment.app */ = {isa = PBXFileReference; explicitFileType = wrapper.application; includeInIndex = 0; path = MobileDeveloperAssignment.app; sourceTree = BUILT_PRODUCTS_DIR; };
		6B8CBECD1F768F58002E629F /* AppDelegate.swift */ = {isa = PBXFileReference; lastKnownFileType = sourcecode.swift; path = AppDelegate.swift; sourceTree = "<group>"; };
		6B8CBED41F768F58002E629F /* Assets.xcassets */ = {isa = PBXFileReference; lastKnownFileType = folder.assetcatalog; path = Assets.xcassets; sourceTree = "<group>"; };
		6B8CBED71F768F58002E629F /* Base */ = {isa = PBXFileReference; lastKnownFileType = file.storyboard; name = Base; path = Base.lproj/LaunchScreen.storyboard; sourceTree = "<group>"; };
		6B8CBED91F768F58002E629F /* Info.plist */ = {isa = PBXFileReference; lastKnownFileType = text.plist.xml; path = Info.plist; sourceTree = "<group>"; };
		6B8CBEDE1F768F58002E629F /* MobileDeveloperAssignmentTests.xctest */ = {isa = PBXFileReference; explicitFileType = wrapper.cfbundle; includeInIndex = 0; path = MobileDeveloperAssignmentTests.xctest; sourceTree = BUILT_PRODUCTS_DIR; };
		6B8CBEE21F768F59002E629F /* MobileDeveloperAssignmentTests.swift */ = {isa = PBXFileReference; lastKnownFileType = sourcecode.swift; path = MobileDeveloperAssignmentTests.swift; sourceTree = "<group>"; };
		6B8CBEE41F768F59002E629F /* Info.plist */ = {isa = PBXFileReference; lastKnownFileType = text.plist.xml; path = Info.plist; sourceTree = "<group>"; };
		6B8CBEED1F768FC4002E629F /* SearchViewController.swift */ = {isa = PBXFileReference; fileEncoding = 4; lastKnownFileType = sourcecode.swift; path = SearchViewController.swift; sourceTree = "<group>"; };
		6B8CBEEE1F768FC4002E629F /* SearchViewController.xib */ = {isa = PBXFileReference; fileEncoding = 4; lastKnownFileType = file.xib; path = SearchViewController.xib; sourceTree = "<group>"; };
		6B8CBEF11F7690F0002E629F /* ConnectionManager.swift */ = {isa = PBXFileReference; fileEncoding = 4; lastKnownFileType = sourcecode.swift; path = ConnectionManager.swift; sourceTree = "<group>"; };
		6B8CBEF31F769158002E629F /* Reachability.swift */ = {isa = PBXFileReference; fileEncoding = 4; lastKnownFileType = sourcecode.swift; path = Reachability.swift; sourceTree = "<group>"; };
		6B8CBEF51F769188002E629F /* Globals.swift */ = {isa = PBXFileReference; fileEncoding = 4; lastKnownFileType = sourcecode.swift; path = Globals.swift; sourceTree = "<group>"; };
		6B8CBEF81F769853002E629F /* Item.swift */ = {isa = PBXFileReference; fileEncoding = 4; lastKnownFileType = sourcecode.swift; path = Item.swift; sourceTree = "<group>"; };
		6B8CBEFA1F76A0E2002E629F /* Utility.swift */ = {isa = PBXFileReference; fileEncoding = 4; lastKnownFileType = sourcecode.swift; path = Utility.swift; sourceTree = "<group>"; };
		6B8CBEFC1F76A216002E629F /* ItemsViewController.swift */ = {isa = PBXFileReference; fileEncoding = 4; lastKnownFileType = sourcecode.swift; path = ItemsViewController.swift; sourceTree = "<group>"; };
		6B8CBEFD1F76A216002E629F /* ItemsViewController.xib */ = {isa = PBXFileReference; fileEncoding = 4; lastKnownFileType = file.xib; path = ItemsViewController.xib; sourceTree = "<group>"; };
		6B8CBF011F76A2BA002E629F /* ItemTableViewCell.swift */ = {isa = PBXFileReference; fileEncoding = 4; lastKnownFileType = sourcecode.swift; path = ItemTableViewCell.swift; sourceTree = "<group>"; };
		6B8CBF021F76A2BA002E629F /* ItemTableViewCell.xib */ = {isa = PBXFileReference; fileEncoding = 4; lastKnownFileType = file.xib; path = ItemTableViewCell.xib; sourceTree = "<group>"; };
/* End PBXFileReference section */

/* Begin PBXFrameworksBuildPhase section */
		6B8CBEC71F768F58002E629F /* Frameworks */ = {
			isa = PBXFrameworksBuildPhase;
			buildActionMask = 2147483647;
			files = (
			);
			runOnlyForDeploymentPostprocessing = 0;
		};
		6B8CBEDB1F768F58002E629F /* Frameworks */ = {
			isa = PBXFrameworksBuildPhase;
			buildActionMask = 2147483647;
			files = (
			);
			runOnlyForDeploymentPostprocessing = 0;
		};
/* End PBXFrameworksBuildPhase section */

/* Begin PBXGroup section */
		6B8CBEC11F768F57002E629F = {
			isa = PBXGroup;
			children = (
				6B8CBECC1F768F58002E629F /* MobileDeveloperAssignment */,
				6B8CBEE11F768F58002E629F /* MobileDeveloperAssignmentTests */,
				6B8CBECB1F768F58002E629F /* Products */,
			);
			sourceTree = "<group>";
		};
		6B8CBECB1F768F58002E629F /* Products */ = {
			isa = PBXGroup;
			children = (
				6B8CBECA1F768F58002E629F /* MobileDeveloperAssignment.app */,
				6B8CBEDE1F768F58002E629F /* MobileDeveloperAssignmentTests.xctest */,
			);
			name = Products;
			sourceTree = "<group>";
		};
		6B8CBECC1F768F58002E629F /* MobileDeveloperAssignment */ = {
			isa = PBXGroup;
			children = (
				6B8CBF001F76A296002E629F /* CustomView */,
				6B8CBEF71F76983B002E629F /* Model */,
				6B8CBECD1F768F58002E629F /* AppDelegate.swift */,
				6B8CBEF11F7690F0002E629F /* ConnectionManager.swift */,
				6B8CBEF31F769158002E629F /* Reachability.swift */,
				6B8CBEF51F769188002E629F /* Globals.swift */,
				6B8CBEFA1F76A0E2002E629F /* Utility.swift */,
				6B8CBED41F768F58002E629F /* Assets.xcassets */,
				6B8CBED61F768F58002E629F /* LaunchScreen.storyboard */,
				6B8CBED91F768F58002E629F /* Info.plist */,
				6B8CBEED1F768FC4002E629F /* SearchViewController.swift */,
				6B8CBEEE1F768FC4002E629F /* SearchViewController.xib */,
				6B8CBEFC1F76A216002E629F /* ItemsViewController.swift */,
				6B8CBEFD1F76A216002E629F /* ItemsViewController.xib */,
			);
			path = MobileDeveloperAssignment;
			sourceTree = "<group>";
		};
		6B8CBEE11F768F58002E629F /* MobileDeveloperAssignmentTests */ = {
			isa = PBXGroup;
			children = (
				6B8CBEE21F768F59002E629F /* MobileDeveloperAssignmentTests.swift */,
				6B8CBEE41F768F59002E629F /* Info.plist */,
			);
			path = MobileDeveloperAssignmentTests;
			sourceTree = "<group>";
		};
		6B8CBEF71F76983B002E629F /* Model */ = {
			isa = PBXGroup;
			children = (
				6B8CBEF81F769853002E629F /* Item.swift */,
			);
			name = Model;
			sourceTree = "<group>";
		};
		6B8CBF001F76A296002E629F /* CustomView */ = {
			isa = PBXGroup;
			children = (
				6B8CBF011F76A2BA002E629F /* ItemTableViewCell.swift */,
				6B8CBF021F76A2BA002E629F /* ItemTableViewCell.xib */,
			);
			name = CustomView;
			sourceTree = "<group>";
		};
/* End PBXGroup section */

/* Begin PBXNativeTarget section */
		6B8CBEC91F768F58002E629F /* MobileDeveloperAssignment */ = {
			isa = PBXNativeTarget;
			buildConfigurationList = 6B8CBEE71F768F59002E629F /* Build configuration list for PBXNativeTarget "MobileDeveloperAssignment" */;
			buildPhases = (
				6B8CBEC61F768F58002E629F /* Sources */,
				6B8CBEC71F768F58002E629F /* Frameworks */,
				6B8CBEC81F768F58002E629F /* Resources */,
			);
			buildRules = (
			);
			dependencies = (
			);
			name = MobileDeveloperAssignment;
			productName = MobileDeveloperAssignment;
			productReference = 6B8CBECA1F768F58002E629F /* MobileDeveloperAssignment.app */;
			productType = "com.apple.product-type.application";
		};
		6B8CBEDD1F768F58002E629F /* MobileDeveloperAssignmentTests */ = {
			isa = PBXNativeTarget;
			buildConfigurationList = 6B8CBEEA1F768F59002E629F /* Build configuration list for PBXNativeTarget "MobileDeveloperAssignmentTests" */;
			buildPhases = (
				6B8CBEDA1F768F58002E629F /* Sources */,
				6B8CBEDB1F768F58002E629F /* Frameworks */,
				6B8CBEDC1F768F58002E629F /* Resources */,
			);
			buildRules = (
			);
			dependencies = (
				6B8CBEE01F768F58002E629F /* PBXTargetDependency */,
			);
			name = MobileDeveloperAssignmentTests;
			productName = MobileDeveloperAssignmentTests;
			productReference = 6B8CBEDE1F768F58002E629F /* MobileDeveloperAssignmentTests.xctest */;
			productType = "com.apple.product-type.bundle.unit-test";
		};
/* End PBXNativeTarget section */

/* Begin PBXProject section */
		6B8CBEC21F768F58002E629F /* Project object */ = {
			isa = PBXProject;
			attributes = {
				LastSwiftUpdateCheck = 0830;
				LastUpgradeCheck = 0830;
				ORGANIZATIONNAME = MDSLab;
				TargetAttributes = {
					6B8CBEC91F768F58002E629F = {
						CreatedOnToolsVersion = 8.3.2;
						DevelopmentTeam = XM28E5RJ58;
						ProvisioningStyle = Automatic;
					};
					6B8CBEDD1F768F58002E629F = {
						CreatedOnToolsVersion = 8.3.2;
						DevelopmentTeam = XM28E5RJ58;
						ProvisioningStyle = Automatic;
						TestTargetID = 6B8CBEC91F768F58002E629F;
					};
				};
			};
			buildConfigurationList = 6B8CBEC51F768F58002E629F /* Build configuration list for PBXProject "MobileDeveloperAssignment" */;
			compatibilityVersion = "Xcode 3.2";
			developmentRegion = English;
			hasScannedForEncodings = 0;
			knownRegions = (
				en,
				Base,
			);
			mainGroup = 6B8CBEC11F768F57002E629F;
			productRefGroup = 6B8CBECB1F768F58002E629F /* Products */;
			projectDirPath = "";
			projectRoot = "";
			targets = (
				6B8CBEC91F768F58002E629F /* MobileDeveloperAssignment */,
				6B8CBEDD1F768F58002E629F /* MobileDeveloperAssignmentTests */,
			);
		};
/* End PBXProject section */

/* Begin PBXResourcesBuildPhase section */
		6B8CBEC81F768F58002E629F /* Resources */ = {
			isa = PBXResourcesBuildPhase;
			buildActionMask = 2147483647;
			files = (
				6B8CBED81F768F58002E629F /* LaunchScreen.storyboard in Resources */,
				6B8CBEFF1F76A216002E629F /* ItemsViewController.xib in Resources */,
				6B8CBED51F768F58002E629F /* Assets.xcassets in Resources */,
				6B8CBF041F76A2BA002E629F /* ItemTableViewCell.xib in Resources */,
				6B8CBEF01F768FC4002E629F /* SearchViewController.xib in Resources */,
			);
			runOnlyForDeploymentPostprocessing = 0;
		};
		6B8CBEDC1F768F58002E629F /* Resources */ = {
			isa = PBXResourcesBuildPhase;
			buildActionMask = 2147483647;
			files = (
			);
			runOnlyForDeploymentPostprocessing = 0;
		};
/* End PBXResourcesBuildPhase section */

/* Begin PBXSourcesBuildPhase section */
		6B8CBEC61F768F58002E629F /* Sources */ = {
			isa = PBXSourcesBuildPhase;
			buildActionMask = 2147483647;
			files = (
				6B8CBEFB1F76A0E2002E629F /* Utility.swift in Sources */,
				6B8CBF031F76A2BA002E629F /* ItemTableViewCell.swift in Sources */,
				6B8CBEEF1F768FC4002E629F /* SearchViewController.swift in Sources */,
				6B8CBEF21F7690F0002E629F /* ConnectionManager.swift in Sources */,
				6B8CBEF41F769158002E629F /* Reachability.swift in Sources */,
				6B8CBEF61F769188002E629F /* Globals.swift in Sources */,
				6B8CBEFE1F76A216002E629F /* ItemsViewController.swift in Sources */,
				6B8CBEF91F769853002E629F /* Item.swift in Sources */,
				6B8CBECE1F768F58002E629F /* AppDelegate.swift in Sources */,
			);
			runOnlyForDeploymentPostprocessing = 0;
		};
		6B8CBEDA1F768F58002E629F /* Sources */ = {
			isa = PBXSourcesBuildPhase;
			buildActionMask = 2147483647;
			files = (
				6B8CBEE31F768F59002E629F /* MobileDeveloperAssignmentTests.swift in Sources */,
			);
			runOnlyForDeploymentPostprocessing = 0;
		};
/* End PBXSourcesBuildPhase section */

/* Begin PBXTargetDependency section */
		6B8CBEE01F768F58002E629F /* PBXTargetDependency */ = {
			isa = PBXTargetDependency;
			target = 6B8CBEC91F768F58002E629F /* MobileDeveloperAssignment */;
			targetProxy = 6B8CBEDF1F768F58002E629F /* PBXContainerItemProxy */;
		};
/* End PBXTargetDependency section */

/* Begin PBXVariantGroup section */
		6B8CBED61F768F58002E629F /* LaunchScreen.storyboard */ = {
			isa = PBXVariantGroup;
			children = (
				6B8CBED71F768F58002E629F /* Base */,
			);
			name = LaunchScreen.storyboard;
			sourceTree = "<group>";
		};
/* End PBXVariantGroup section */

/* Begin XCBuildConfiguration section */
		6B8CBEE51F768F59002E629F /* Debug */ = {
			isa = XCBuildConfiguration;
			buildSettings = {
				ALWAYS_SEARCH_USER_PATHS = NO;
				CLANG_ANALYZER_NONNULL = YES;
				CLANG_ANALYZER_NUMBER_OBJECT_CONVERSION = YES_AGGRESSIVE;
				CLANG_CXX_LANGUAGE_STANDARD = "gnu++0x";
				CLANG_CXX_LIBRARY = "libc++";
				CLANG_ENABLE_MODULES = YES;
				CLANG_ENABLE_OBJC_ARC = YES;
				CLANG_WARN_BOOL_CONVERSION = YES;
				CLANG_WARN_CONSTANT_CONVERSION = YES;
				CLANG_WARN_DIRECT_OBJC_ISA_USAGE = YES_ERROR;
				CLANG_WARN_DOCUMENTATION_COMMENTS = YES;
				CLANG_WARN_EMPTY_BODY = YES;
				CLANG_WARN_ENUM_CONVERSION = YES;
				CLANG_WARN_INFINITE_RECURSION = YES;
				CLANG_WARN_INT_CONVERSION = YES;
				CLANG_WARN_OBJC_ROOT_CLASS = YES_ERROR;
				CLANG_WARN_SUSPICIOUS_MOVE = YES;
				CLANG_WARN_UNREACHABLE_CODE = YES;
				CLANG_WARN__DUPLICATE_METHOD_MATCH = YES;
				"CODE_SIGN_IDENTITY[sdk=iphoneos*]" = "iPhone Developer";
				COPY_PHASE_STRIP = NO;
				DEBUG_INFORMATION_FORMAT = dwarf;
				ENABLE_STRICT_OBJC_MSGSEND = YES;
				ENABLE_TESTABILITY = YES;
				GCC_C_LANGUAGE_STANDARD = gnu99;
				GCC_DYNAMIC_NO_PIC = NO;
				GCC_NO_COMMON_BLOCKS = YES;
				GCC_OPTIMIZATION_LEVEL = 0;
				GCC_PREPROCESSOR_DEFINITIONS = (
					"DEBUG=1",
					"$(inherited)",
				);
				GCC_WARN_64_TO_32_BIT_CONVERSION = YES;
				GCC_WARN_ABOUT_RETURN_TYPE = YES_ERROR;
				GCC_WARN_UNDECLARED_SELECTOR = YES;
				GCC_WARN_UNINITIALIZED_AUTOS = YES_AGGRESSIVE;
				GCC_WARN_UNUSED_FUNCTION = YES;
				GCC_WARN_UNUSED_VARIABLE = YES;
				IPHONEOS_DEPLOYMENT_TARGET = 10.3;
				MTL_ENABLE_DEBUG_INFO = YES;
				ONLY_ACTIVE_ARCH = YES;
				SDKROOT = iphoneos;
				SWIFT_ACTIVE_COMPILATION_CONDITIONS = DEBUG;
				SWIFT_OPTIMIZATION_LEVEL = "-Onone";
			};
			name = Debug;
		};
		6B8CBEE61F768F59002E629F /* Release */ = {
			isa = XCBuildConfiguration;
			buildSettings = {
				ALWAYS_SEARCH_USER_PATHS = NO;
				CLANG_ANALYZER_NONNULL = YES;
				CLANG_ANALYZER_NUMBER_OBJECT_CONVERSION = YES_AGGRESSIVE;
				CLANG_CXX_LANGUAGE_STANDARD = "gnu++0x";
				CLANG_CXX_LIBRARY = "libc++";
				CLANG_ENABLE_MODULES = YES;
				CLANG_ENABLE_OBJC_ARC = YES;
				CLANG_WARN_BOOL_CONVERSION = YES;
				CLANG_WARN_CONSTANT_CONVERSION = YES;
				CLANG_WARN_DIRECT_OBJC_ISA_USAGE = YES_ERROR;
				CLANG_WARN_DOCUMENTATION_COMMENTS = YES;
				CLANG_WARN_EMPTY_BODY = YES;
				CLANG_WARN_ENUM_CONVERSION = YES;
				CLANG_WARN_INFINITE_RECURSION = YES;
				CLANG_WARN_INT_CONVERSION = YES;
				CLANG_WARN_OBJC_ROOT_CLASS = YES_ERROR;
				CLANG_WARN_SUSPICIOUS_MOVE = YES;
				CLANG_WARN_UNREACHABLE_CODE = YES;
				CLANG_WARN__DUPLICATE_METHOD_MATCH = YES;
				"CODE_SIGN_IDENTITY[sdk=iphoneos*]" = "iPhone Developer";
				COPY_PHASE_STRIP = NO;
				DEBUG_INFORMATION_FORMAT = "dwarf-with-dsym";
				ENABLE_NS_ASSERTIONS = NO;
				ENABLE_STRICT_OBJC_MSGSEND = YES;
				GCC_C_LANGUAGE_STANDARD = gnu99;
				GCC_NO_COMMON_BLOCKS = YES;
				GCC_WARN_64_TO_32_BIT_CONVERSION = YES;
				GCC_WARN_ABOUT_RETURN_TYPE = YES_ERROR;
				GCC_WARN_UNDECLARED_SELECTOR = YES;
				GCC_WARN_UNINITIALIZED_AUTOS = YES_AGGRESSIVE;
				GCC_WARN_UNUSED_FUNCTION = YES;
				GCC_WARN_UNUSED_VARIABLE = YES;
				IPHONEOS_DEPLOYMENT_TARGET = 10.3;
				MTL_ENABLE_DEBUG_INFO = NO;
				SDKROOT = iphoneos;
				SWIFT_OPTIMIZATION_LEVEL = "-Owholemodule";
				VALIDATE_PRODUCT = YES;
			};
			name = Release;
		};
		6B8CBEE81F768F59002E629F /* Debug */ = {
			isa = XCBuildConfiguration;
			buildSettings = {
				ASSETCATALOG_COMPILER_APPICON_NAME = AppIcon;
				DEVELOPMENT_TEAM = XM28E5RJ58;
				INFOPLIST_FILE = MobileDeveloperAssignment/Info.plist;
				LD_RUNPATH_SEARCH_PATHS = "$(inherited) @executable_path/Frameworks";
				PRODUCT_BUNDLE_IDENTIFIER = org.mdslab.MobileDeveloperAssignment;
				PRODUCT_NAME = "$(TARGET_NAME)";
				SWIFT_VERSION = 3.0;
			};
			name = Debug;
		};
		6B8CBEE91F768F59002E629F /* Release */ = {
			isa = XCBuildConfiguration;
			buildSettings = {
				ASSETCATALOG_COMPILER_APPICON_NAME = AppIcon;
				DEVELOPMENT_TEAM = XM28E5RJ58;
				INFOPLIST_FILE = MobileDeveloperAssignment/Info.plist;
				LD_RUNPATH_SEARCH_PATHS = "$(inherited) @executable_path/Frameworks";
				PRODUCT_BUNDLE_IDENTIFIER = org.mdslab.MobileDeveloperAssignment;
				PRODUCT_NAME = "$(TARGET_NAME)";
				SWIFT_VERSION = 3.0;
			};
			name = Release;
		};
		6B8CBEEB1F768F59002E629F /* Debug */ = {
			isa = XCBuildConfiguration;
			buildSettings = {
				ALWAYS_EMBED_SWIFT_STANDARD_LIBRARIES = YES;
				BUNDLE_LOADER = "$(TEST_HOST)";
				DEVELOPMENT_TEAM = XM28E5RJ58;
				INFOPLIST_FILE = MobileDeveloperAssignmentTests/Info.plist;
				LD_RUNPATH_SEARCH_PATHS = "$(inherited) @executable_path/Frameworks @loader_path/Frameworks";
				PRODUCT_BUNDLE_IDENTIFIER = org.mdslab.MobileDeveloperAssignmentTests;
				PRODUCT_NAME = "$(TARGET_NAME)";
				SWIFT_VERSION = 3.0;
				TEST_HOST = "$(BUILT_PRODUCTS_DIR)/MobileDeveloperAssignment.app/MobileDeveloperAssignment";
			};
			name = Debug;
		};
		6B8CBEEC1F768F59002E629F /* Release */ = {
			isa = XCBuildConfiguration;
			buildSettings = {
				ALWAYS_EMBED_SWIFT_STANDARD_LIBRARIES = YES;
				BUNDLE_LOADER = "$(TEST_HOST)";
				DEVELOPMENT_TEAM = XM28E5RJ58;
				INFOPLIST_FILE = MobileDeveloperAssignmentTests/Info.plist;
				LD_RUNPATH_SEARCH_PATHS = "$(inherited) @executable_path/Frameworks @loader_path/Frameworks";
				PRODUCT_BUNDLE_IDENTIFIER = org.mdslab.MobileDeveloperAssignmentTests;
				PRODUCT_NAME = "$(TARGET_NAME)";
				SWIFT_VERSION = 3.0;
				TEST_HOST = "$(BUILT_PRODUCTS_DIR)/MobileDeveloperAssignment.app/MobileDeveloperAssignment";
			};
			name = Release;
		};
/* End XCBuildConfiguration section */

/* Begin XCConfigurationList section */
		6B8CBEC51F768F58002E629F /* Build configuration list for PBXProject "MobileDeveloperAssignment" */ = {
			isa = XCConfigurationList;
			buildConfigurations = (
				6B8CBEE51F768F59002E629F /* Debug */,
				6B8CBEE61F768F59002E629F /* Release */,
			);
			defaultConfigurationIsVisible = 0;
			defaultConfigurationName = Release;
		};
		6B8CBEE71F768F59002E629F /* Build configuration list for PBXNativeTarget "MobileDeveloperAssignment" */ = {
			isa = XCConfigurationList;
			buildConfigurations = (
				6B8CBEE81F768F59002E629F /* Debug */,
				6B8CBEE91F768F59002E629F /* Release */,
			);
			defaultConfigurationIsVisible = 0;
		};
		6B8CBEEA1F768F59002E629F /* Build configuration list for PBXNativeTarget "MobileDeveloperAssignmentTests" */ = {
			isa = XCConfigurationList;
			buildConfigurations = (
				6B8CBEEB1F768F59002E629F /* Debug */,
				6B8CBEEC1F768F59002E629F /* Release */,
			);
			defaultConfigurationIsVisible = 0;
		};
/* End XCConfigurationList section */
	};
	rootObject = 6B8CBEC21F768F58002E629F /* Project object */;
}
